
Microsoft Visual Studio Solution File, Format Version 12.00
# Visual Studio Version 17
VisualStudioVersion = 17.8.34511.84
MinimumVisualStudioVersion = 10.0.40219.1
Project("{FAE04EC0-301F-11D3-BF4B-00C04F79EFBC}") = "ObrabotkaNaMasivi", "ObrabotkaNaMasivi\ObrabotkaNaMasivi.csproj", "{DE7546C5-EA0F-4206-97FB-286DACB9D6A7}"
EndProject
Project("{FAE04EC0-301F-11D3-BF4B-00C04F79EFBC}") = "BezopasnaObrabtokaMasivi", "BezopasnaObrabtokaMasivi\BezopasnaObrabtokaMasivi.csproj", "{6BA9BF74-3BFD-4D96-B0E0-400C4E40DAC6}"
EndProject
Global
	GlobalSection(SolutionConfigurationPlatforms) = preSolution
		Debug|Any CPU = Debug|Any CPU
		Release|Any CPU = Release|Any CPU
	EndGlobalSection
	GlobalSection(ProjectConfigurationPlatforms) = postSolution
		{DE7546C5-EA0F-4206-97FB-286DACB9D6A7}.Debug|Any CPU.ActiveCfg = Debug|Any CPU
		{DE7546C5-EA0F-4206-97FB-286DACB9D6A7}.Debug|Any CPU.Build.0 = Debug|Any CPU
		{DE7546C5-EA0F-4206-97FB-286DACB9D6A7}.Release|Any CPU.ActiveCfg = Release|Any CPU
		{DE7546C5-EA0F-4206-97FB-286DACB9D6A7}.Release|Any CPU.Build.0 = Release|Any CPU
		{6BA9BF74-3BFD-4D96-B0E0-400C4E40DAC6}.Debug|Any CPU.ActiveCfg = Debug|Any CPU
		{6BA9BF74-3BFD-4D96-B0E0-400C4E40DAC6}.Debug|Any CPU.Build.0 = Debug|Any CPU
		{6BA9BF74-3BFD-4D96-B0E0-400C4E40DAC6}.Release|Any CPU.ActiveCfg = Release|Any CPU
		{6BA9BF74-3BFD-4D96-B0E0-400C4E40DAC6}.Release|Any CPU.Build.0 = Release|Any CPU
	EndGlobalSection
	GlobalSection(SolutionProperties) = preSolution
		HideSolutionNode = FALSE
	EndGlobalSection
	GlobalSection(ExtensibilityGlobals) = postSolution
		SolutionGuid = {1DC0AC74-0F0B-40D8-9FB8-F2F19D97F060}
	EndGlobalSection
EndGlobal
